
Microsoft Visual Studio Solution File, Format Version 12.00
# Visual Studio Version 17
VisualStudioVersion = 17.11.35327.3
MinimumVisualStudioVersion = 10.0.40219.1
Project("{FAE04EC0-301F-11D3-BF4B-00C04F79EFBC}") = "EczaDepoOtomasyonu", "EczaDepoOtomasyonu\EczaDepoOtomasyonu.csproj", "{7BE5AB65-1D03-4F13-8E79-ECADFF92D573}"
EndProject
Global
	GlobalSection(SolutionConfigurationPlatforms) = preSolution
		Debug|Any CPU = Debug|Any CPU
		Release|Any CPU = Release|Any CPU
	EndGlobalSection
	GlobalSection(ProjectConfigurationPlatforms) = postSolution
		{7BE5AB65-1D03-4F13-8E79-ECADFF92D573}.Debug|Any CPU.ActiveCfg = Debug|Any CPU
		{7BE5AB65-1D03-4F13-8E79-ECADFF92D573}.Debug|Any CPU.Build.0 = Debug|Any CPU
		{7BE5AB65-1D03-4F13-8E79-ECADFF92D573}.Release|Any CPU.ActiveCfg = Release|Any CPU
		{7BE5AB65-1D03-4F13-8E79-ECADFF92D573}.Release|Any CPU.Build.0 = Release|Any CPU
	EndGlobalSection
	GlobalSection(SolutionProperties) = preSolution
		HideSolutionNode = FALSE
	EndGlobalSection
	GlobalSection(ExtensibilityGlobals) = postSolution
		SolutionGuid = {A6A78AB0-B877-4BD4-A9D6-CCC10369B45C}
	EndGlobalSection
EndGlobal
